
Microsoft Visual Studio Solution File, Format Version 12.00
# Visual Studio 14
VisualStudioVersion = 14.0.25420.1
MinimumVisualStudioVersion = 10.0.40219.1
Project("{FAE04EC0-301F-11D3-BF4B-00C04F79EFBC}") = "DX.CCRSkidService", "DX.CCRSkidService\DX.CCRSkidService.csproj", "{D09C6766-FC0B-4254-A037-771C759A8C17}"
EndProject
Project("{FAE04EC0-301F-11D3-BF4B-00C04F79EFBC}") = "DX.Log", "DX.Log\DX.Log.csproj", "{F6FE3F10-422C-4FA6-9E0A-E52708AA7553}"
EndProject
Project("{FAE04EC0-301F-11D3-BF4B-00C04F79EFBC}") = "DX.Utilities", "DX.Utilities\DX.Utilities.csproj", "{02810A9F-8DBC-40F6-92A7-79D7E69F902D}"
EndProject
Project("{FAE04EC0-301F-11D3-BF4B-00C04F79EFBC}") = "DX.OPC", "DX.OPCWrapper\DX.OPC.csproj", "{30F6CA2E-1E03-423A-A554-694D22D31CA2}"
EndProject
Project("{FAE04EC0-301F-11D3-BF4B-00C04F79EFBC}") = "DX.Service", "DX.Service\DX.Service.csproj", "{93013175-2D86-4CC2-92E0-7018208887A5}"
EndProject
Project("{FAE04EC0-301F-11D3-BF4B-00C04F79EFBC}") = "DX.OCR", "DX.OCR\DX.OCR.csproj", "{FF6AAEFD-62A3-42F2-BA73-B4543F6A593C}"
EndProject
Project("{FAE04EC0-301F-11D3-BF4B-00C04F79EFBC}") = "DX.CCRMainWindow", "DX.CCRMainWindow\DX.CCRMainWindow.csproj", "{BD81ADC6-C321-4C2E-96B5-67F239DCADD5}"
EndProject
Project("{FAE04EC0-301F-11D3-BF4B-00C04F79EFBC}") = "DX.Database", "DX.Database\DX.Database.csproj", "{D2BBB7FA-71A2-4BCF-ACE7-B6357036371A}"
EndProject
Project("{FAE04EC0-301F-11D3-BF4B-00C04F79EFBC}") = "DX.Contract", "DX.Contract\DX.Contract.csproj", "{F6025C9F-842B-4B44-A259-7FB0DA3D988A}"
EndProject
Global
	GlobalSection(SolutionConfigurationPlatforms) = preSolution
		Debug|Any CPU = Debug|Any CPU
		Debug|x86 = Debug|x86
		Release|Any CPU = Release|Any CPU
		Release|x86 = Release|x86
	EndGlobalSection
	GlobalSection(ProjectConfigurationPlatforms) = postSolution
		{D09C6766-FC0B-4254-A037-771C759A8C17}.Debug|Any CPU.ActiveCfg = Debug|Any CPU
		{D09C6766-FC0B-4254-A037-771C759A8C17}.Debug|Any CPU.Build.0 = Debug|Any CPU
		{D09C6766-FC0B-4254-A037-771C759A8C17}.Debug|x86.ActiveCfg = Debug|x86
		{D09C6766-FC0B-4254-A037-771C759A8C17}.Debug|x86.Build.0 = Debug|x86
		{D09C6766-FC0B-4254-A037-771C759A8C17}.Release|Any CPU.ActiveCfg = Release|Any CPU
		{D09C6766-FC0B-4254-A037-771C759A8C17}.Release|Any CPU.Build.0 = Release|Any CPU
		{D09C6766-FC0B-4254-A037-771C759A8C17}.Release|x86.ActiveCfg = Release|Any CPU
		{D09C6766-FC0B-4254-A037-771C759A8C17}.Release|x86.Build.0 = Release|Any CPU
		{F6FE3F10-422C-4FA6-9E0A-E52708AA7553}.Debug|Any CPU.ActiveCfg = Debug|Any CPU
		{F6FE3F10-422C-4FA6-9E0A-E52708AA7553}.Debug|Any CPU.Build.0 = Debug|Any CPU
		{F6FE3F10-422C-4FA6-9E0A-E52708AA7553}.Debug|x86.ActiveCfg = Debug|x86
		{F6FE3F10-422C-4FA6-9E0A-E52708AA7553}.Debug|x86.Build.0 = Debug|x86
		{F6FE3F10-422C-4FA6-9E0A-E52708AA7553}.Release|Any CPU.ActiveCfg = Release|Any CPU
		{F6FE3F10-422C-4FA6-9E0A-E52708AA7553}.Release|Any CPU.Build.0 = Release|Any CPU
		{F6FE3F10-422C-4FA6-9E0A-E52708AA7553}.Release|x86.ActiveCfg = Release|Any CPU
		{F6FE3F10-422C-4FA6-9E0A-E52708AA7553}.Release|x86.Build.0 = Release|Any CPU
		{02810A9F-8DBC-40F6-92A7-79D7E69F902D}.Debug|Any CPU.ActiveCfg = Debug|Any CPU
		{02810A9F-8DBC-40F6-92A7-79D7E69F902D}.Debug|Any CPU.Build.0 = Debug|Any CPU
		{02810A9F-8DBC-40F6-92A7-79D7E69F902D}.Debug|x86.ActiveCfg = Debug|x86
		{02810A9F-8DBC-40F6-92A7-79D7E69F902D}.Debug|x86.Build.0 = Debug|x86
		{02810A9F-8DBC-40F6-92A7-79D7E69F902D}.Release|Any CPU.ActiveCfg = Release|Any CPU
		{02810A9F-8DBC-40F6-92A7-79D7E69F902D}.Release|Any CPU.Build.0 = Release|Any CPU
		{02810A9F-8DBC-40F6-92A7-79D7E69F902D}.Release|x86.ActiveCfg = Release|Any CPU
		{02810A9F-8DBC-40F6-92A7-79D7E69F902D}.Release|x86.Build.0 = Release|Any CPU
		{30F6CA2E-1E03-423A-A554-694D22D31CA2}.Debug|Any CPU.ActiveCfg = Debug|Any CPU
		{30F6CA2E-1E03-423A-A554-694D22D31CA2}.Debug|Any CPU.Build.0 = Debug|Any CPU
		{30F6CA2E-1E03-423A-A554-694D22D31CA2}.Debug|x86.ActiveCfg = Debug|x86
		{30F6CA2E-1E03-423A-A554-694D22D31CA2}.Debug|x86.Build.0 = Debug|x86
		{30F6CA2E-1E03-423A-A554-694D22D31CA2}.Release|Any CPU.ActiveCfg = Release|Any CPU
		{30F6CA2E-1E03-423A-A554-694D22D31CA2}.Release|Any CPU.Build.0 = Release|Any CPU
		{30F6CA2E-1E03-423A-A554-694D22D31CA2}.Release|x86.ActiveCfg = Release|Any CPU
		{30F6CA2E-1E03-423A-A554-694D22D31CA2}.Release|x86.Build.0 = Release|Any CPU
		{93013175-2D86-4CC2-92E0-7018208887A5}.Debug|Any CPU.ActiveCfg = Debug|Any CPU
		{93013175-2D86-4CC2-92E0-7018208887A5}.Debug|Any CPU.Build.0 = Debug|Any CPU
		{93013175-2D86-4CC2-92E0-7018208887A5}.Debug|x86.ActiveCfg = Debug|x86
		{93013175-2D86-4CC2-92E0-7018208887A5}.Debug|x86.Build.0 = Debug|x86
		{93013175-2D86-4CC2-92E0-7018208887A5}.Release|Any CPU.ActiveCfg = Release|Any CPU
		{93013175-2D86-4CC2-92E0-7018208887A5}.Release|Any CPU.Build.0 = Release|Any CPU
		{93013175-2D86-4CC2-92E0-7018208887A5}.Release|x86.ActiveCfg = Release|Any CPU
		{93013175-2D86-4CC2-92E0-7018208887A5}.Release|x86.Build.0 = Release|Any CPU
		{FF6AAEFD-62A3-42F2-BA73-B4543F6A593C}.Debug|Any CPU.ActiveCfg = Debug|Any CPU
		{FF6AAEFD-62A3-42F2-BA73-B4543F6A593C}.Debug|Any CPU.Build.0 = Debug|Any CPU
		{FF6AAEFD-62A3-42F2-BA73-B4543F6A593C}.Debug|x86.ActiveCfg = Debug|x86
		{FF6AAEFD-62A3-42F2-BA73-B4543F6A593C}.Debug|x86.Build.0 = Debug|x86
		{FF6AAEFD-62A3-42F2-BA73-B4543F6A593C}.Release|Any CPU.ActiveCfg = Release|Any CPU
		{FF6AAEFD-62A3-42F2-BA73-B4543F6A593C}.Release|Any CPU.Build.0 = Release|Any CPU
		{FF6AAEFD-62A3-42F2-BA73-B4543F6A593C}.Release|x86.ActiveCfg = Release|Any CPU
		{FF6AAEFD-62A3-42F2-BA73-B4543F6A593C}.Release|x86.Build.0 = Release|Any CPU
		{BD81ADC6-C321-4C2E-96B5-67F239DCADD5}.Debug|Any CPU.ActiveCfg = Debug|Any CPU
		{BD81ADC6-C321-4C2E-96B5-67F239DCADD5}.Debug|Any CPU.Build.0 = Debug|Any CPU
		{BD81ADC6-C321-4C2E-96B5-67F239DCADD5}.Debug|x86.ActiveCfg = Debug|x86
		{BD81ADC6-C321-4C2E-96B5-67F239DCADD5}.Debug|x86.Build.0 = Debug|x86
		{BD81ADC6-C321-4C2E-96B5-67F239DCADD5}.Release|Any CPU.ActiveCfg = Release|Any CPU
		{BD81ADC6-C321-4C2E-96B5-67F239DCADD5}.Release|Any CPU.Build.0 = Release|Any CPU
		{BD81ADC6-C321-4C2E-96B5-67F239DCADD5}.Release|x86.ActiveCfg = Release|Any CPU
		{BD81ADC6-C321-4C2E-96B5-67F239DCADD5}.Release|x86.Build.0 = Release|Any CPU
		{D2BBB7FA-71A2-4BCF-ACE7-B6357036371A}.Debug|Any CPU.ActiveCfg = Debug|Any CPU
		{D2BBB7FA-71A2-4BCF-ACE7-B6357036371A}.Debug|Any CPU.Build.0 = Debug|Any CPU
		{D2BBB7FA-71A2-4BCF-ACE7-B6357036371A}.Debug|x86.ActiveCfg = Debug|x86
		{D2BBB7FA-71A2-4BCF-ACE7-B6357036371A}.Debug|x86.Build.0 = Debug|x86
		{D2BBB7FA-71A2-4BCF-ACE7-B6357036371A}.Release|Any CPU.ActiveCfg = Release|Any CPU
		{D2BBB7FA-71A2-4BCF-ACE7-B6357036371A}.Release|Any CPU.Build.0 = Release|Any CPU
		{D2BBB7FA-71A2-4BCF-ACE7-B6357036371A}.Release|x86.ActiveCfg = Release|x86
		{D2BBB7FA-71A2-4BCF-ACE7-B6357036371A}.Release|x86.Build.0 = Release|x86
		{F6025C9F-842B-4B44-A259-7FB0DA3D988A}.Debug|Any CPU.ActiveCfg = Debug|Any CPU
		{F6025C9F-842B-4B44-A259-7FB0DA3D988A}.Debug|Any CPU.Build.0 = Debug|Any CPU
		{F6025C9F-842B-4B44-A259-7FB0DA3D988A}.Debug|x86.ActiveCfg = Debug|x86
		{F6025C9F-842B-4B44-A259-7FB0DA3D988A}.Debug|x86.Build.0 = Debug|x86
		{F6025C9F-842B-4B44-A259-7FB0DA3D988A}.Release|Any CPU.ActiveCfg = Release|Any CPU
		{F6025C9F-842B-4B44-A259-7FB0DA3D988A}.Release|Any CPU.Build.0 = Release|Any CPU
		{F6025C9F-842B-4B44-A259-7FB0DA3D988A}.Release|x86.ActiveCfg = Release|x86
		{F6025C9F-842B-4B44-A259-7FB0DA3D988A}.Release|x86.Build.0 = Release|x86
	EndGlobalSection
	GlobalSection(SolutionProperties) = preSolution
		HideSolutionNode = FALSE
	EndGlobalSection
EndGlobal
